
Microsoft Visual Studio Solution File, Format Version 12.00
# Visual Studio Version 16
VisualStudioVersion = 16.0.32228.343
MinimumVisualStudioVersion = 10.0.40219.1
Project("{FAE04EC0-301F-11D3-BF4B-00C04F79EFBC}") = "HelpDeskApplication", "HelpDeskApplication\HelpDeskApplication.csproj", "{97ECF7C4-DD95-4412-97B4-9E9807D53890}"
EndProject
Global
	GlobalSection(SolutionConfigurationPlatforms) = preSolution
		Debug|Any CPU = Debug|Any CPU
		Release|Any CPU = Release|Any CPU
	EndGlobalSection
	GlobalSection(ProjectConfigurationPlatforms) = postSolution
		{97ECF7C4-DD95-4412-97B4-9E9807D53890}.Debug|Any CPU.ActiveCfg = Debug|Any CPU
		{97ECF7C4-DD95-4412-97B4-9E9807D53890}.Debug|Any CPU.Build.0 = Debug|Any CPU
		{97ECF7C4-DD95-4412-97B4-9E9807D53890}.Release|Any CPU.ActiveCfg = Release|Any CPU
		{97ECF7C4-DD95-4412-97B4-9E9807D53890}.Release|Any CPU.Build.0 = Release|Any CPU
	EndGlobalSection
	GlobalSection(SolutionProperties) = preSolution
		HideSolutionNode = FALSE
	EndGlobalSection
	GlobalSection(ExtensibilityGlobals) = postSolution
		SolutionGuid = {8B01F78D-F3A5-448A-AA5E-F936FB513C98}
	EndGlobalSection
EndGlobal
